
Microsoft Visual Studio Solution File, Format Version 12.00
# Visual Studio Version 17
VisualStudioVersion = 17.5.002.0
MinimumVisualStudioVersion = 10.0.40219.1
Project("{9A19103F-16F7-4668-BE54-9A1E7A4F7556}") = "ScreenSound-api", "ScreenSound-api.csproj", "{889D6CD0-A85B-4474-B1B2-74CC0145A042}"
EndProject
Global
	GlobalSection(SolutionConfigurationPlatforms) = preSolution
		Debug|Any CPU = Debug|Any CPU
		Release|Any CPU = Release|Any CPU
	EndGlobalSection
	GlobalSection(ProjectConfigurationPlatforms) = postSolution
		{889D6CD0-A85B-4474-B1B2-74CC0145A042}.Debug|Any CPU.ActiveCfg = Debug|Any CPU
		{889D6CD0-A85B-4474-B1B2-74CC0145A042}.Debug|Any CPU.Build.0 = Debug|Any CPU
		{889D6CD0-A85B-4474-B1B2-74CC0145A042}.Release|Any CPU.ActiveCfg = Release|Any CPU
		{889D6CD0-A85B-4474-B1B2-74CC0145A042}.Release|Any CPU.Build.0 = Release|Any CPU
	EndGlobalSection
	GlobalSection(SolutionProperties) = preSolution
		HideSolutionNode = FALSE
	EndGlobalSection
	GlobalSection(ExtensibilityGlobals) = postSolution
		SolutionGuid = {77CDA5E0-3C0D-4118-93E4-E9DEEE65C6F9}
	EndGlobalSection
EndGlobal
